
Microsoft Visual Studio Solution File, Format Version 12.00
# Visual Studio Version 16
VisualStudioVersion = 16.0.33027.164
MinimumVisualStudioVersion = 10.0.40219.1
Project("{9A19103F-16F7-4668-BE54-9A1E7A4F7556}") = "InfoJobs.KnowledgeTest.Domain.Core", "InfoJobs.KnowledgeTest.Domain.Core\InfoJobs.KnowledgeTest.Domain.Core.csproj", "{80F654E8-34C7-4A2D-9063-F73EDED9C441}"
EndProject
Project("{9A19103F-16F7-4668-BE54-9A1E7A4F7556}") = "InfoJobs.KnowledgeTest.Domain.Events", "InfoJobs.KnowledgeTest.Domain.Events\InfoJobs.KnowledgeTest.Domain.Events.csproj", "{98BFFD9F-3BB6-4296-995C-3EF42F2C73FB}"
EndProject
Project("{9A19103F-16F7-4668-BE54-9A1E7A4F7556}") = "InfoJobs.KnowledgeTest.Infra.Data", "InfoJobs.KnowledgeTest.Infra.Data\InfoJobs.KnowledgeTest.Infra.Data.csproj", "{F38F00A2-754F-43B0-B723-473B63498CB6}"
EndProject
Project("{9A19103F-16F7-4668-BE54-9A1E7A4F7556}") = "InfoJobs.KnowledgeTest.Data.Infra.IoC", "InfoJobs.KnowledgeTest.Data.Infra.IoC\InfoJobs.KnowledgeTest.Data.Infra.IoC.csproj", "{0AF9FDF7-6566-4C37-880B-41649919D9C9}"
EndProject
Project("{9A19103F-16F7-4668-BE54-9A1E7A4F7556}") = "InfoJobs.KnowledgeTest.Application", "InfoJobs.KnowledgeTest.Application\InfoJobs.KnowledgeTest.Application.csproj", "{E55DE1F4-46B7-41F9-A39A-C2CE7C1832F3}"
EndProject
Project("{9A19103F-16F7-4668-BE54-9A1E7A4F7556}") = "InfoJobs.KnowledgeTest.Data.Infra.WebApi", "InfoJobs.KnowledgeTest.Data.Infra.WebApi\InfoJobs.KnowledgeTest.Data.Infra.WebApi.csproj", "{39914E6A-E158-4F6E-9A63-E3BD0BA6ED87}"
EndProject
Project("{2150E333-8FDC-42A3-9474-1A3956D46DE8}") = "Domain", "Domain", "{96C6B333-CD89-4EC8-8DD8-A297283F5FD7}"
EndProject
Project("{2150E333-8FDC-42A3-9474-1A3956D46DE8}") = "UI", "UI", "{602575B0-46DB-4100-918B-D487F6886CB1}"
EndProject
Project("{2150E333-8FDC-42A3-9474-1A3956D46DE8}") = "Web", "Web", "{A8D70289-4C57-4046-92EE-61F0879ACB5C}"
	ProjectSection(SolutionItems) = preProject
		Readme.txt = Readme.txt
	EndProjectSection
EndProject
Project("{9A19103F-16F7-4668-BE54-9A1E7A4F7556}") = "InfoJobs.KnowledgeTest.UI.Web", "InfoJobs.KnowledgeTest.UI.Web\InfoJobs.KnowledgeTest.UI.Web.csproj", "{8F88A833-2A46-417D-9232-0CD42E69442D}"
EndProject
Project("{9A19103F-16F7-4668-BE54-9A1E7A4F7556}") = "InfoJobs.KnowledgeTest.UI.Web.ApiHelper", "InfoJobs.KnowledgeTest.UI.Web.ApiHelper\InfoJobs.KnowledgeTest.UI.Web.ApiHelper.csproj", "{CC142B13-0AA1-4109-AE30-16A230B556FD}"
EndProject
Global
	GlobalSection(SolutionConfigurationPlatforms) = preSolution
		Debug|Any CPU = Debug|Any CPU
		Release|Any CPU = Release|Any CPU
	EndGlobalSection
	GlobalSection(ProjectConfigurationPlatforms) = postSolution
		{80F654E8-34C7-4A2D-9063-F73EDED9C441}.Debug|Any CPU.ActiveCfg = Debug|Any CPU
		{80F654E8-34C7-4A2D-9063-F73EDED9C441}.Debug|Any CPU.Build.0 = Debug|Any CPU
		{80F654E8-34C7-4A2D-9063-F73EDED9C441}.Release|Any CPU.ActiveCfg = Release|Any CPU
		{80F654E8-34C7-4A2D-9063-F73EDED9C441}.Release|Any CPU.Build.0 = Release|Any CPU
		{98BFFD9F-3BB6-4296-995C-3EF42F2C73FB}.Debug|Any CPU.ActiveCfg = Debug|Any CPU
		{98BFFD9F-3BB6-4296-995C-3EF42F2C73FB}.Debug|Any CPU.Build.0 = Debug|Any CPU
		{98BFFD9F-3BB6-4296-995C-3EF42F2C73FB}.Release|Any CPU.ActiveCfg = Release|Any CPU
		{98BFFD9F-3BB6-4296-995C-3EF42F2C73FB}.Release|Any CPU.Build.0 = Release|Any CPU
		{F38F00A2-754F-43B0-B723-473B63498CB6}.Debug|Any CPU.ActiveCfg = Debug|Any CPU
		{F38F00A2-754F-43B0-B723-473B63498CB6}.Debug|Any CPU.Build.0 = Debug|Any CPU
		{F38F00A2-754F-43B0-B723-473B63498CB6}.Release|Any CPU.ActiveCfg = Release|Any CPU
		{F38F00A2-754F-43B0-B723-473B63498CB6}.Release|Any CPU.Build.0 = Release|Any CPU
		{0AF9FDF7-6566-4C37-880B-41649919D9C9}.Debug|Any CPU.ActiveCfg = Debug|Any CPU
		{0AF9FDF7-6566-4C37-880B-41649919D9C9}.Debug|Any CPU.Build.0 = Debug|Any CPU
		{0AF9FDF7-6566-4C37-880B-41649919D9C9}.Release|Any CPU.ActiveCfg = Release|Any CPU
		{0AF9FDF7-6566-4C37-880B-41649919D9C9}.Release|Any CPU.Build.0 = Release|Any CPU
		{E55DE1F4-46B7-41F9-A39A-C2CE7C1832F3}.Debug|Any CPU.ActiveCfg = Debug|Any CPU
		{E55DE1F4-46B7-41F9-A39A-C2CE7C1832F3}.Debug|Any CPU.Build.0 = Debug|Any CPU
		{E55DE1F4-46B7-41F9-A39A-C2CE7C1832F3}.Release|Any CPU.ActiveCfg = Release|Any CPU
		{E55DE1F4-46B7-41F9-A39A-C2CE7C1832F3}.Release|Any CPU.Build.0 = Release|Any CPU
		{39914E6A-E158-4F6E-9A63-E3BD0BA6ED87}.Debug|Any CPU.ActiveCfg = Debug|Any CPU
		{39914E6A-E158-4F6E-9A63-E3BD0BA6ED87}.Debug|Any CPU.Build.0 = Debug|Any CPU
		{39914E6A-E158-4F6E-9A63-E3BD0BA6ED87}.Release|Any CPU.ActiveCfg = Release|Any CPU
		{39914E6A-E158-4F6E-9A63-E3BD0BA6ED87}.Release|Any CPU.Build.0 = Release|Any CPU
		{8F88A833-2A46-417D-9232-0CD42E69442D}.Debug|Any CPU.ActiveCfg = Debug|Any CPU
		{8F88A833-2A46-417D-9232-0CD42E69442D}.Debug|Any CPU.Build.0 = Debug|Any CPU
		{8F88A833-2A46-417D-9232-0CD42E69442D}.Release|Any CPU.ActiveCfg = Release|Any CPU
		{8F88A833-2A46-417D-9232-0CD42E69442D}.Release|Any CPU.Build.0 = Release|Any CPU
		{CC142B13-0AA1-4109-AE30-16A230B556FD}.Debug|Any CPU.ActiveCfg = Debug|Any CPU
		{CC142B13-0AA1-4109-AE30-16A230B556FD}.Debug|Any CPU.Build.0 = Debug|Any CPU
		{CC142B13-0AA1-4109-AE30-16A230B556FD}.Release|Any CPU.ActiveCfg = Release|Any CPU
		{CC142B13-0AA1-4109-AE30-16A230B556FD}.Release|Any CPU.Build.0 = Release|Any CPU
	EndGlobalSection
	GlobalSection(SolutionProperties) = preSolution
		HideSolutionNode = FALSE
	EndGlobalSection
	GlobalSection(NestedProjects) = preSolution
		{80F654E8-34C7-4A2D-9063-F73EDED9C441} = {96C6B333-CD89-4EC8-8DD8-A297283F5FD7}
		{98BFFD9F-3BB6-4296-995C-3EF42F2C73FB} = {96C6B333-CD89-4EC8-8DD8-A297283F5FD7}
		{F38F00A2-754F-43B0-B723-473B63498CB6} = {96C6B333-CD89-4EC8-8DD8-A297283F5FD7}
		{0AF9FDF7-6566-4C37-880B-41649919D9C9} = {96C6B333-CD89-4EC8-8DD8-A297283F5FD7}
		{E55DE1F4-46B7-41F9-A39A-C2CE7C1832F3} = {96C6B333-CD89-4EC8-8DD8-A297283F5FD7}
		{39914E6A-E158-4F6E-9A63-E3BD0BA6ED87} = {96C6B333-CD89-4EC8-8DD8-A297283F5FD7}
		{A8D70289-4C57-4046-92EE-61F0879ACB5C} = {602575B0-46DB-4100-918B-D487F6886CB1}
		{8F88A833-2A46-417D-9232-0CD42E69442D} = {A8D70289-4C57-4046-92EE-61F0879ACB5C}
		{CC142B13-0AA1-4109-AE30-16A230B556FD} = {A8D70289-4C57-4046-92EE-61F0879ACB5C}
	EndGlobalSection
	GlobalSection(ExtensibilityGlobals) = postSolution
		SolutionGuid = {D0B58BBB-6E66-4DFE-977F-6DEB624F4E13}
	EndGlobalSection
EndGlobal
